
Microsoft Visual Studio Solution File, Format Version 12.00
# Visual Studio Version 17
VisualStudioVersion = 17.4.33110.190
MinimumVisualStudioVersion = 10.0.40219.1
Project("{FAE04EC0-301F-11D3-BF4B-00C04F79EFBC}") = "Merck", "Merck\Merck.csproj", "{DD722B6D-B17C-4A35-80C7-2E70ABB26F75}"
EndProject
Global
	GlobalSection(SolutionConfigurationPlatforms) = preSolution
		Debug|Any CPU = Debug|Any CPU
		Release|Any CPU = Release|Any CPU
	EndGlobalSection
	GlobalSection(ProjectConfigurationPlatforms) = postSolution
		{DD722B6D-B17C-4A35-80C7-2E70ABB26F75}.Debug|Any CPU.ActiveCfg = Debug|Any CPU
		{DD722B6D-B17C-4A35-80C7-2E70ABB26F75}.Debug|Any CPU.Build.0 = Debug|Any CPU
		{DD722B6D-B17C-4A35-80C7-2E70ABB26F75}.Release|Any CPU.ActiveCfg = Release|Any CPU
		{DD722B6D-B17C-4A35-80C7-2E70ABB26F75}.Release|Any CPU.Build.0 = Release|Any CPU
	EndGlobalSection
	GlobalSection(SolutionProperties) = preSolution
		HideSolutionNode = FALSE
	EndGlobalSection
	GlobalSection(ExtensibilityGlobals) = postSolution
		SolutionGuid = {9CDEC6F4-C1EA-4276-968E-6EA7179994DB}
	EndGlobalSection
EndGlobal
